
Microsoft Visual Studio Solution File, Format Version 12.00
# Visual Studio 15
VisualStudioVersion = 15.0.27703.2018
MinimumVisualStudioVersion = 10.0.40219.1
Project("{FAE04EC0-301F-11D3-BF4B-00C04F79EFBC}") = "Framework", "Framework\Framework.csproj", "{9931C31E-B5F9-417F-A31B-E04F8106268A}"
EndProject
Global
	GlobalSection(SolutionConfigurationPlatforms) = preSolution
		Debug|Any CPU = Debug|Any CPU
		Release|Any CPU = Release|Any CPU
	EndGlobalSection
	GlobalSection(ProjectConfigurationPlatforms) = postSolution
		{9931C31E-B5F9-417F-A31B-E04F8106268A}.Debug|Any CPU.ActiveCfg = Debug|Any CPU
		{9931C31E-B5F9-417F-A31B-E04F8106268A}.Debug|Any CPU.Build.0 = Debug|Any CPU
		{9931C31E-B5F9-417F-A31B-E04F8106268A}.Release|Any CPU.ActiveCfg = Release|Any CPU
		{9931C31E-B5F9-417F-A31B-E04F8106268A}.Release|Any CPU.Build.0 = Release|Any CPU
	EndGlobalSection
	GlobalSection(SolutionProperties) = preSolution
		HideSolutionNode = FALSE
	EndGlobalSection
	GlobalSection(ExtensibilityGlobals) = postSolution
		SolutionGuid = {B99AF054-D6C7-4533-8070-229F51FE7A7E}
	EndGlobalSection
EndGlobal
